
Microsoft Visual Studio Solution File, Format Version 12.00
# Visual Studio Version 17
VisualStudioVersion = 17.11.35312.102
MinimumVisualStudioVersion = 10.0.40219.1
Project("{FAE04EC0-301F-11D3-BF4B-00C04F79EFBC}") = "CourierIntegrationService", "CourierIntegrationService\CourierIntegrationService.csproj", "{B083CB98-E459-4088-A8B4-EF9CA9970885}"
EndProject
Project("{FAE04EC0-301F-11D3-BF4B-00C04F79EFBC}") = "PackageTrackingInfoRetriever", "PackageTrackingInfoRetriever\PackageTrackingInfoRetriever.csproj", "{30C4559F-4EBA-47C3-9CF3-9F168680C33C}"
EndProject
Global
	GlobalSection(SolutionConfigurationPlatforms) = preSolution
		Debug|Any CPU = Debug|Any CPU
		Release|Any CPU = Release|Any CPU
	EndGlobalSection
	GlobalSection(ProjectConfigurationPlatforms) = postSolution
		{B083CB98-E459-4088-A8B4-EF9CA9970885}.Debug|Any CPU.ActiveCfg = Debug|Any CPU
		{B083CB98-E459-4088-A8B4-EF9CA9970885}.Debug|Any CPU.Build.0 = Debug|Any CPU
		{B083CB98-E459-4088-A8B4-EF9CA9970885}.Release|Any CPU.ActiveCfg = Release|Any CPU
		{B083CB98-E459-4088-A8B4-EF9CA9970885}.Release|Any CPU.Build.0 = Release|Any CPU
		{30C4559F-4EBA-47C3-9CF3-9F168680C33C}.Debug|Any CPU.ActiveCfg = Debug|Any CPU
		{30C4559F-4EBA-47C3-9CF3-9F168680C33C}.Debug|Any CPU.Build.0 = Debug|Any CPU
		{30C4559F-4EBA-47C3-9CF3-9F168680C33C}.Release|Any CPU.ActiveCfg = Release|Any CPU
		{30C4559F-4EBA-47C3-9CF3-9F168680C33C}.Release|Any CPU.Build.0 = Release|Any CPU
	EndGlobalSection
	GlobalSection(SolutionProperties) = preSolution
		HideSolutionNode = FALSE
	EndGlobalSection
	GlobalSection(ExtensibilityGlobals) = postSolution
		SolutionGuid = {4351C234-A064-4C58-A92E-7CCEC4F376CA}
	EndGlobalSection
EndGlobal
